version: 0.145.3
dependencies:
- name: aws-load-balancer-controller
  repository: https://aws.github.io/eks-charts
  version: 1.4.6
- name: gitlab-agent
  repository: https://charts.gitlab.io
  version: 1.5.0
- name: grafana
  repository: https://grafana.github.io/helm-charts
  version: 6.44.8
- name: prometheus
  repository: https://prometheus-community.github.io/helm-charts
  version: 15.18.0
digest: sha256:36489138d6060a4eea826f3628656bb563d4d6e6f2b1875e76dc363a1ba33494
generated: "2022-11-23T23:29:37.182742812+01:00"
