version: 0.145.3
dependencies:
- name: aws-load-balancer-controller
  repository: https://aws.github.io/eks-charts
  version: 1.4.6
- name: gitlab-agent
  repository: https://charts.gitlab.io
  version: 1.5.0
- name: grafana
  repository: https://grafana.github.io/helm-charts
  version: 6.43.5
digest: sha256:229593b0495e1008a9105bf52c00b69bc80a4b0c423dc759cf0ae5c73f349e93
generated: "2022-11-14T22:54:40.877549962+01:00"
